{
  "pins" : [
    {
      "identity" : "get",
      "kind" : "remoteSourceControl",
      "location" : "https://github.com/kean/Get",
      "state" : {
        "revision" : "a7dd8e0233d4041330591445de21b7e5d4c953c6",
        "version" : "1.0.4"
      }
    },
    {
      "identity" : "httpheaders",
      "kind" : "remoteSourceControl",
      "location" : "https://github.com/CreateAPI/HTTPHeaders",
      "state" : {
        "revision" : "96c4cb3fcb904c12891c9d65c902fbb691453562",
        "version" : "0.1.1"
      }
    },
    {
      "identity" : "keychainaccess",
      "kind" : "remoteSourceControl",
      "location" : "https://github.com/kishikawakatsumi/KeychainAccess",
      "state" : {
        "revision" : "84e546727d66f1adc5439debad16270d0fdd04e7",
        "version" : "4.2.2"
      }
    },
    {
      "identity" : "nuke",
      "kind" : "remoteSourceControl",
      "location" : "https://github.com/kean/Nuke",
      "state" : {
        "revision" : "0d8a0dc3cca7432a6772ec546a7e5e1b20103bda",
        "version" : "11.3.0"
      }
    },
    {
      "identity" : "pulse",
      "kind" : "remoteSourceControl",
      "location" : "https://github.com/kean/Pulse",
      "state" : {
        "revision" : "6b682c529d98a38e6fdffee2a8bfa40c8de30821",
        "version" : "2.1.3"
      }
    },
    {
      "identity" : "resolver",
      "kind" : "remoteSourceControl",
      "location" : "https://github.com/hmlongco/Resolver",
      "state" : {
        "revision" : "97de0b0320036607564af4a60025b48f8d041221",
        "version" : "1.5.0"
      }
    },
    {
      "identity" : "safariservicesui",
      "kind" : "remoteSourceControl",
      "location" : "https://github.com/cockscomb/SafariServicesUI",
      "state" : {
        "revision" : "2f125246eb4a2841759806fd5513d4fe6c73dc06",
        "version" : "0.1.0"
      }
    },
    {
      "identity" : "swift-log",
      "kind" : "remoteSourceControl",
      "location" : "https://github.com/apple/swift-log.git",
      "state" : {
        "revision" : "6fe203dc33195667ce1759bf0182975e4653ba1c",
        "version" : "1.4.4"
      }
    },
    {
      "identity" : "urlqueryencoder",
      "kind" : "remoteSourceControl",
      "location" : "https://github.com/CreateAPI/URLQueryEncoder",
      "state" : {
        "revision" : "4cc975d4d075d0e62699a796a08284e217d4ee93",
        "version" : "0.2.0"
      }
    }
  ],
  "version" : 2
}
